{
    "_readme": [
        "This file locks the dependencies of your project to a known state",
        "Read more about it at https://getcomposer.org/doc/01-basic-usage.md#composer-lock-the-lock-file",
        "This file is @generated automatically"
    ],
    "content-hash": "fe6bd3fcfaa32d9d74b3c9660bb12100",
    "packages": [
        {
            "name": "fluentdom/fluentdom",
            "version": "7.0.0",
            "source": {
                "type": "git",
                "url": "https://github.com/FluentDOM/FluentDOM.git",
                "reference": "fda8452ef698d1ae644d3938513b33d9c3d86eb7"
            },
            "dist": {
                "type": "zip",
                "url": "https://api.github.com/repos/FluentDOM/FluentDOM/zipball/fda8452ef698d1ae644d3938513b33d9c3d86eb7",
                "reference": "fda8452ef698d1ae644d3938513b33d9c3d86eb7",
                "shasum": ""
            },
            "require": {
                "ext-dom": "*",
                "php": ">=7.0"
            },
            "suggest": {
                "ext-xmlreader": "XMLReader, XML pull parser, read large XMLs",
                "ext-xmlwriter": "XMLWriter, Write large XMLs",
                "fluentdom/css-selector": "Allows to use css selectors."
            },
            "type": "library",
            "autoload": {
                "files": [
                    "src/FluentDOM.php"
                ],
                "psr-4": {
                    "FluentDOM\\": "src/FluentDOM"
                }
            },
            "notification-url": "https://packagist.org/downloads/",
            "license": [
                "MIT"
            ],
            "authors": [
                {
                    "name": "FluentDOM Contributors",
                    "homepage": "https://github.com/FluentDOM/FluentDOM/contributors"
                }
            ],
            "description": "A fluent api for the php dom extension.",
            "homepage": "http://fluentdom.org",
            "keywords": [
                "XMLReader",
                "XMLWriter",
                "Xpath",
                "dom",
                "jquery",
                "xml"
            ],
            "time": "2017-10-01T10:41:43+00:00"
        },
        {
            "name": "jaeger/curlmulti",
            "version": "1.0",
            "source": {
                "type": "git",
                "url": "https://github.com/jae-jae/CurlMulti.git",
                "reference": "059f13241e15ddfe6155c032ef765e58233a5aab"
            },
            "dist": {
                "type": "zip",
                "url": "https://api.github.com/repos/jae-jae/CurlMulti/zipball/059f13241e15ddfe6155c032ef765e58233a5aab",
                "reference": "059f13241e15ddfe6155c032ef765e58233a5aab",
                "shasum": ""
            },
            "require": {
                "ext-curl": "*",
                "php": ">=5.1.0"
            },
            "type": "library",
            "autoload": {
                "psr-4": {
                    "QL\\Ext\\Lib\\": ""
                }
            },
            "notification-url": "https://packagist.org/downloads/",
            "license": [
                "Apache-2.0"
            ],
            "authors": [
                {
                    "name": "Ares",
                    "email": "admin@phpdr.net"
                }
            ],
            "description": "CurlMulti是PHP多线程类库,修改用于QueryList(http://querylist.cc ),CurlMulti项目地址:https://github.com/ares333/php-curlmulti",
            "time": "2015-12-23T16:28:22+00:00"
        },
        {
            "name": "jaeger/http",
            "version": "1.3",
            "source": {
                "type": "git",
                "url": "https://github.com/jae-jae/Http.git",
                "reference": "2fb9e6bde8c42e3851c7968bd00046c299e45b5e"
            },
            "dist": {
                "type": "zip",
                "url": "https://api.github.com/repos/jae-jae/Http/zipball/2fb9e6bde8c42e3851c7968bd00046c299e45b5e",
                "reference": "2fb9e6bde8c42e3851c7968bd00046c299e45b5e",
                "shasum": ""
            },
            "require": {
                "ext-curl": "*",
                "php": ">=5.1.0"
            },
            "type": "library",
            "autoload": {
                "psr-4": {
                    "QL\\Ext\\Lib\\": ""
                }
            },
            "notification-url": "https://packagist.org/downloads/",
            "license": [
                "MIT"
            ],
            "description": "HTTP 请求类,修改用于QueryList(http://querylist.cc )",
            "time": "2017-07-25T07:15:08+00:00"
        },
        {
            "name": "jaeger/phpquery-single",
            "version": "0.9.9",
            "source": {
                "type": "git",
                "url": "https://github.com/jae-jae/phpQuery-single.git",
                "reference": "6c12e3a1648dc619f16920f96082f397d74e0127"
            },
            "dist": {
                "type": "zip",
                "url": "https://api.github.com/repos/jae-jae/phpQuery-single/zipball/6c12e3a1648dc619f16920f96082f397d74e0127",
                "reference": "6c12e3a1648dc619f16920f96082f397d74e0127",
                "shasum": ""
            },
            "require": {
                "php": ">=5.3.0"
            },
            "type": "library",
            "autoload": {
                "classmap": [
                    "phpQuery.php"
                ]
            },
            "notification-url": "https://packagist.org/downloads/",
            "license": [
                "MIT"
            ],
            "authors": [
                {
                    "name": "Tobiasz Cudnik",
                    "email": "tobiasz.cudnik@gmail.com",
                    "homepage": "https://github.com/TobiaszCudnik",
                    "role": "Developer"
                },
                {
                    "name": "Jaeger",
                    "role": "Packager"
                }
            ],
            "description": "phpQuery单文件版本，是Querylist的依赖(http://querylist.cc/)，phpQuery项目主页:http://code.google.com/p/phpquery/",
            "homepage": "http://code.google.com/p/phpquery/",
            "time": "2017-12-07T02:13:37+00:00"
        },
        {
            "name": "jaeger/querylist",
            "version": "V3.2.1",
            "source": {
                "type": "git",
                "url": "https://github.com/jae-jae/QueryList.git",
                "reference": "1a7864dcf8d979d6d57a2a3508f2dd62ce3233d6"
            },
            "dist": {
                "type": "zip",
                "url": "https://api.github.com/repos/jae-jae/QueryList/zipball/1a7864dcf8d979d6d57a2a3508f2dd62ce3233d6",
                "reference": "1a7864dcf8d979d6d57a2a3508f2dd62ce3233d6",
                "shasum": ""
            },
            "require": {
                "jaeger/phpquery-single": "^0.9",
                "php": ">=5.3.0"
            },
            "suggest": {
                "monolog/monolog": "Log support"
            },
            "type": "library",
            "autoload": {
                "psr-4": {
                    "QL\\": ""
                }
            },
            "notification-url": "https://packagist.org/downloads/",
            "license": [
                "MIT"
            ],
            "authors": [
                {
                    "name": "Jaeger",
                    "email": "JaegerCode@gmail.com"
                }
            ],
            "description": "QueryList是基于phpQuery的无比强大的PHP采集工具",
            "homepage": "http://querylist.cc",
            "keywords": [
                "QueryList",
                "phpQuery",
                "spider"
            ],
            "time": "2017-06-09T04:25:07+00:00"
        },
        {
            "name": "jaeger/querylist-ext-aquery",
            "version": "1.0.1",
            "source": {
                "type": "git",
                "url": "https://github.com/jae-jae/QueryList-Ext-AQuery.git",
                "reference": "bfbf417363bb8f0caec2573f02d24ba2e921aeef"
            },
            "dist": {
                "type": "zip",
                "url": "https://api.github.com/repos/jae-jae/QueryList-Ext-AQuery/zipball/bfbf417363bb8f0caec2573f02d24ba2e921aeef",
                "reference": "bfbf417363bb8f0caec2573f02d24ba2e921aeef",
                "shasum": ""
            },
            "type": "library",
            "autoload": {
                "psr-4": {
                    "QL\\Ext\\": ""
                }
            },
            "notification-url": "https://packagist.org/downloads/",
            "license": [
                "MIT"
            ],
            "authors": [
                {
                    "name": "Jaeger",
                    "email": "hj.q@qq.com"
                }
            ],
            "description": "QueryList扩展，AQuery扩展基类",
            "time": "2016-01-06T07:51:20+00:00"
        },
        {
            "name": "jaeger/querylist-ext-multi",
            "version": "1.0",
            "source": {
                "type": "git",
                "url": "https://github.com/jae-jae/QueryList-Ext-Multi.git",
                "reference": "2c633480411b1cea31d93b2c1b754eb0bc79fea8"
            },
            "dist": {
                "type": "zip",
                "url": "https://api.github.com/repos/jae-jae/QueryList-Ext-Multi/zipball/2c633480411b1cea31d93b2c1b754eb0bc79fea8",
                "reference": "2c633480411b1cea31d93b2c1b754eb0bc79fea8",
                "shasum": ""
            },
            "require": {
                "jaeger/curlmulti": "^1.0",
                "jaeger/querylist-ext-aquery": "^1.0"
            },
            "type": "library",
            "autoload": {
                "psr-4": {
                    "QL\\Ext\\": ""
                }
            },
            "notification-url": "https://packagist.org/downloads/",
            "license": [
                "MIT"
            ],
            "authors": [
                {
                    "name": "Jaeger",
                    "email": "hj.q@qq.com"
                }
            ],
            "description": "QueryList扩展，Multi多线程扩展",
            "time": "2015-12-28T06:09:36+00:00"
        },
        {
            "name": "jaeger/querylist-ext-request",
            "version": "1.0",
            "source": {
                "type": "git",
                "url": "https://github.com/jae-jae/QueryList-Ext-Request.git",
                "reference": "27d06b35fb810b919d242a3dbbdac0e1cb838bc4"
            },
            "dist": {
                "type": "zip",
                "url": "https://api.github.com/repos/jae-jae/QueryList-Ext-Request/zipball/27d06b35fb810b919d242a3dbbdac0e1cb838bc4",
                "reference": "27d06b35fb810b919d242a3dbbdac0e1cb838bc4",
                "shasum": ""
            },
            "require": {
                "jaeger/http": "^1.0",
                "jaeger/querylist-ext-aquery": "^1.0"
            },
            "type": "library",
            "autoload": {
                "psr-4": {
                    "QL\\Ext\\": ""
                }
            },
            "notification-url": "https://packagist.org/downloads/",
            "license": [
                "MIT"
            ],
            "authors": [
                {
                    "name": "Jaeger",
                    "email": "hj.q@qq.com"
                }
            ],
            "description": "QueryList扩展，Request网络操作扩展",
            "time": "2015-12-28T06:24:02+00:00"
        },
        {
            "name": "php-curl-class/php-curl-class",
            "version": "8.0.3",
            "source": {
                "type": "git",
                "url": "https://github.com/php-curl-class/php-curl-class.git",
                "reference": "4b19e0fa0278b45452164d3043057cccb4f750db"
            },
            "dist": {
                "type": "zip",
                "url": "https://api.github.com/repos/php-curl-class/php-curl-class/zipball/4b19e0fa0278b45452164d3043057cccb4f750db",
                "reference": "4b19e0fa0278b45452164d3043057cccb4f750db",
                "shasum": ""
            },
            "require": {
                "ext-curl": "*",
                "php": ">=5.3"
            },
            "require-dev": {
                "phpunit/phpunit": "*",
                "squizlabs/php_codesniffer": "*"
            },
            "type": "library",
            "autoload": {
                "psr-4": {
                    "Curl\\": "src/Curl/"
                }
            },
            "notification-url": "https://packagist.org/downloads/",
            "license": [
                "Unlicense"
            ],
            "authors": [
                {
                    "name": "Zach Borboa"
                }
            ],
            "description": "PHP Curl Class makes it easy to send HTTP requests and integrate with web APIs.",
            "homepage": "https://github.com/php-curl-class/php-curl-class",
            "keywords": [
                "api",
                "class",
                "client",
                "curl",
                "framework",
                "http",
                "http client",
                "json",
                "php",
                "requests",
                "rest",
                "restful",
                "web service",
                "xml"
            ],
            "time": "2018-04-21T08:28:43+00:00"
        }
    ],
    "packages-dev": [],
    "aliases": [],
    "minimum-stability": "stable",
    "stability-flags": [],
    "prefer-stable": false,
    "prefer-lowest": false,
    "platform": [],
    "platform-dev": []
}
